// !$*UTF8*$!
{
	archiveVersion = 1;
	classes = {
	};
	objectVersion = 77;
	objects = {

/* Begin PBXBuildFile section */
		3F91B01D2D83601400B096AB /* InlineSnapshotTesting in Frameworks */ = {isa = PBXBuildFile; productRef = 3F91B01C2D83601400B096AB /* InlineSnapshotTesting */; };
		3F91B01F2D83601400B096AB /* SnapshotTesting in Frameworks */ = {isa = PBXBuildFile; productRef = 3F91B01E2D83601400B096AB /* SnapshotTesting */; };
		3F91B0212D83601400B096AB /* SnapshotTestingCustomDump in Frameworks */ = {isa = PBXBuildFile; productRef = 3F91B0202D83601400B096AB /* SnapshotTestingCustomDump */; };
		3FAB3F602D64CDED007323B0 /* WaitWhile in Frameworks */ = {isa = PBXBuildFile; productRef = 3FAB3F5F2D64CDED007323B0 /* WaitWhile */; };
/* End PBXBuildFile section */

/* Begin PBXContainerItemProxy section */
		3F0AB68D2D64C243001D5DAF /* PBXContainerItemProxy */ = {
			isa = PBXContainerItemProxy;
			containerPortal = 3F8BE7812D62A3BE009A9DD1 /* Project object */;
			proxyType = 1;
			remoteGlobalIDString = 3F8BE7882D62A3BE009A9DD1;
			remoteInfo = Dromio;
		};
/* End PBXContainerItemProxy section */

/* Begin PBXFileReference section */
		3F0AB6892D64C243001D5DAF /* DromioTests.xctest */ = {isa = PBXFileReference; explicitFileType = wrapper.cfbundle; includeInIndex = 0; path = DromioTests.xctest; sourceTree = BUILT_PRODUCTS_DIR; };
		3F0AB7672D64C46A001D5DAF /* Dromio.xctestplan */ = {isa = PBXFileReference; lastKnownFileType = text; path = Dromio.xctestplan; sourceTree = "<group>"; };
		3F8BE7892D62A3BE009A9DD1 /* Dromio.app */ = {isa = PBXFileReference; explicitFileType = wrapper.application; includeInIndex = 0; path = Dromio.app; sourceTree = BUILT_PRODUCTS_DIR; };
/* End PBXFileReference section */

/* Begin PBXFileSystemSynchronizedBuildFileExceptionSet section */
		3F8BE79B2D62A3BF009A9DD1 /* Exceptions for "Dromio" folder in "Dromio" target */ = {
			isa = PBXFileSystemSynchronizedBuildFileExceptionSet;
			membershipExceptions = (
				Info.plist,
			);
			target = 3F8BE7882D62A3BE009A9DD1 /* Dromio */;
		};
/* End PBXFileSystemSynchronizedBuildFileExceptionSet section */

/* Begin PBXFileSystemSynchronizedRootGroup section */
		3F0AB68A2D64C243001D5DAF /* DromioTests */ = {
			isa = PBXFileSystemSynchronizedRootGroup;
			path = DromioTests;
			sourceTree = "<group>";
		};
		3F8BE78B2D62A3BE009A9DD1 /* Dromio */ = {
			isa = PBXFileSystemSynchronizedRootGroup;
			exceptions = (
				3F8BE79B2D62A3BF009A9DD1 /* Exceptions for "Dromio" folder in "Dromio" target */,
			);
			path = Dromio;
			sourceTree = "<group>";
		};
/* End PBXFileSystemSynchronizedRootGroup section */

/* Begin PBXFrameworksBuildPhase section */
		3F0AB6862D64C243001D5DAF /* Frameworks */ = {
			isa = PBXFrameworksBuildPhase;
			buildActionMask = 2147483647;
			files = (
				3F91B0212D83601400B096AB /* SnapshotTestingCustomDump in Frameworks */,
				3F91B01F2D83601400B096AB /* SnapshotTesting in Frameworks */,
				3F91B01D2D83601400B096AB /* InlineSnapshotTesting in Frameworks */,
				3FAB3F602D64CDED007323B0 /* WaitWhile in Frameworks */,
			);
			runOnlyForDeploymentPostprocessing = 0;
		};
		3F8BE7862D62A3BE009A9DD1 /* Frameworks */ = {
			isa = PBXFrameworksBuildPhase;
			buildActionMask = 2147483647;
			files = (
			);
			runOnlyForDeploymentPostprocessing = 0;
		};
/* End PBXFrameworksBuildPhase section */

/* Begin PBXGroup section */
		3F8BE7802D62A3BE009A9DD1 = {
			isa = PBXGroup;
			children = (
				3F0AB7672D64C46A001D5DAF /* Dromio.xctestplan */,
				3F8BE78B2D62A3BE009A9DD1 /* Dromio */,
				3F0AB68A2D64C243001D5DAF /* DromioTests */,
				3F8BE78A2D62A3BE009A9DD1 /* Products */,
			);
			sourceTree = "<group>";
		};
		3F8BE78A2D62A3BE009A9DD1 /* Products */ = {
			isa = PBXGroup;
			children = (
				3F8BE7892D62A3BE009A9DD1 /* Dromio.app */,
				3F0AB6892D64C243001D5DAF /* DromioTests.xctest */,
			);
			name = Products;
			sourceTree = "<group>";
		};
/* End PBXGroup section */

/* Begin PBXNativeTarget section */
		3F0AB6882D64C243001D5DAF /* DromioTests */ = {
			isa = PBXNativeTarget;
			buildConfigurationList = 3F0AB6912D64C243001D5DAF /* Build configuration list for PBXNativeTarget "DromioTests" */;
			buildPhases = (
				3F0AB6852D64C243001D5DAF /* Sources */,
				3F0AB6862D64C243001D5DAF /* Frameworks */,
				3F0AB6872D64C243001D5DAF /* Resources */,
			);
			buildRules = (
			);
			dependencies = (
				3F0AB68E2D64C243001D5DAF /* PBXTargetDependency */,
			);
			fileSystemSynchronizedGroups = (
				3F0AB68A2D64C243001D5DAF /* DromioTests */,
			);
			name = DromioTests;
			packageProductDependencies = (
				3FAB3F5F2D64CDED007323B0 /* WaitWhile */,
				3F91B01C2D83601400B096AB /* InlineSnapshotTesting */,
				3F91B01E2D83601400B096AB /* SnapshotTesting */,
				3F91B0202D83601400B096AB /* SnapshotTestingCustomDump */,
			);
			productName = DromioTests;
			productReference = 3F0AB6892D64C243001D5DAF /* DromioTests.xctest */;
			productType = "com.apple.product-type.bundle.unit-test";
		};
		3F8BE7882D62A3BE009A9DD1 /* Dromio */ = {
			isa = PBXNativeTarget;
			buildConfigurationList = 3F8BE79C2D62A3BF009A9DD1 /* Build configuration list for PBXNativeTarget "Dromio" */;
			buildPhases = (
				3F8BE7852D62A3BE009A9DD1 /* Sources */,
				3F8BE7862D62A3BE009A9DD1 /* Frameworks */,
				3F8BE7872D62A3BE009A9DD1 /* Resources */,
			);
			buildRules = (
			);
			dependencies = (
			);
			fileSystemSynchronizedGroups = (
				3F8BE78B2D62A3BE009A9DD1 /* Dromio */,
			);
			name = Dromio;
			packageProductDependencies = (
			);
			productName = Dromio;
			productReference = 3F8BE7892D62A3BE009A9DD1 /* Dromio.app */;
			productType = "com.apple.product-type.application";
		};
/* End PBXNativeTarget section */

/* Begin PBXProject section */
		3F8BE7812D62A3BE009A9DD1 /* Project object */ = {
			isa = PBXProject;
			attributes = {
				BuildIndependentTargetsInParallel = 1;
				LastSwiftUpdateCheck = 1620;
				LastUpgradeCheck = 1630;
				TargetAttributes = {
					3F0AB6882D64C243001D5DAF = {
						CreatedOnToolsVersion = 16.2;
						LastSwiftMigration = 1620;
						TestTargetID = 3F8BE7882D62A3BE009A9DD1;
					};
					3F8BE7882D62A3BE009A9DD1 = {
						CreatedOnToolsVersion = 16.2;
					};
				};
			};
			buildConfigurationList = 3F8BE7842D62A3BE009A9DD1 /* Build configuration list for PBXProject "Dromio" */;
			developmentRegion = en;
			hasScannedForEncodings = 0;
			knownRegions = (
				en,
				Base,
			);
			mainGroup = 3F8BE7802D62A3BE009A9DD1;
			minimizedProjectReferenceProxies = 1;
			packageReferences = (
				3FAB3F5E2D64CDED007323B0 /* XCRemoteSwiftPackageReference "WaitWhile" */,
				3F91B01B2D83601400B096AB /* XCRemoteSwiftPackageReference "swift-snapshot-testing" */,
			);
			preferredProjectObjectVersion = 77;
			productRefGroup = 3F8BE78A2D62A3BE009A9DD1 /* Products */;
			projectDirPath = "";
			projectRoot = "";
			targets = (
				3F8BE7882D62A3BE009A9DD1 /* Dromio */,
				3F0AB6882D64C243001D5DAF /* DromioTests */,
			);
		};
/* End PBXProject section */

/* Begin PBXResourcesBuildPhase section */
		3F0AB6872D64C243001D5DAF /* Resources */ = {
			isa = PBXResourcesBuildPhase;
			buildActionMask = 2147483647;
			files = (
			);
			runOnlyForDeploymentPostprocessing = 0;
		};
		3F8BE7872D62A3BE009A9DD1 /* Resources */ = {
			isa = PBXResourcesBuildPhase;
			buildActionMask = 2147483647;
			files = (
			);
			runOnlyForDeploymentPostprocessing = 0;
		};
/* End PBXResourcesBuildPhase section */

/* Begin PBXSourcesBuildPhase section */
		3F0AB6852D64C243001D5DAF /* Sources */ = {
			isa = PBXSourcesBuildPhase;
			buildActionMask = 2147483647;
			files = (
			);
			runOnlyForDeploymentPostprocessing = 0;
		};
		3F8BE7852D62A3BE009A9DD1 /* Sources */ = {
			isa = PBXSourcesBuildPhase;
			buildActionMask = 2147483647;
			files = (
			);
			runOnlyForDeploymentPostprocessing = 0;
		};
/* End PBXSourcesBuildPhase section */

/* Begin PBXTargetDependency section */
		3F0AB68E2D64C243001D5DAF /* PBXTargetDependency */ = {
			isa = PBXTargetDependency;
			target = 3F8BE7882D62A3BE009A9DD1 /* Dromio */;
			targetProxy = 3F0AB68D2D64C243001D5DAF /* PBXContainerItemProxy */;
		};
/* End PBXTargetDependency section */

/* Begin XCBuildConfiguration section */
		3F0AB68F2D64C243001D5DAF /* Debug */ = {
			isa = XCBuildConfiguration;
			buildSettings = {
				BUNDLE_LOADER = "$(TEST_HOST)";
				CLANG_ENABLE_MODULES = YES;
				CODE_SIGN_STYLE = Automatic;
				CURRENT_PROJECT_VERSION = 1;
				GENERATE_INFOPLIST_FILE = YES;
				MARKETING_VERSION = 1.0;
				PRODUCT_BUNDLE_IDENTIFIER = com.neuburg.matt.DromioTests;
				PRODUCT_NAME = "$(TARGET_NAME)";
				SWIFT_EMIT_LOC_STRINGS = NO;
				SWIFT_OPTIMIZATION_LEVEL = "-Onone";
				SWIFT_VERSION = 6.0;
				TARGETED_DEVICE_FAMILY = "1,2";
				TEST_HOST = "$(BUILT_PRODUCTS_DIR)/Dromio.app/$(BUNDLE_EXECUTABLE_FOLDER_PATH)/Dromio";
			};
			name = Debug;
		};
		3F0AB6902D64C243001D5DAF /* Release */ = {
			isa = XCBuildConfiguration;
			buildSettings = {
				BUNDLE_LOADER = "$(TEST_HOST)";
				CLANG_ENABLE_MODULES = YES;
				CODE_SIGN_STYLE = Automatic;
				CURRENT_PROJECT_VERSION = 1;
				GENERATE_INFOPLIST_FILE = YES;
				MARKETING_VERSION = 1.0;
				PRODUCT_BUNDLE_IDENTIFIER = com.neuburg.matt.DromioTests;
				PRODUCT_NAME = "$(TARGET_NAME)";
				SWIFT_EMIT_LOC_STRINGS = NO;
				SWIFT_VERSION = 6.0;
				TARGETED_DEVICE_FAMILY = "1,2";
				TEST_HOST = "$(BUILT_PRODUCTS_DIR)/Dromio.app/$(BUNDLE_EXECUTABLE_FOLDER_PATH)/Dromio";
			};
			name = Release;
		};
		3F8BE79D2D62A3BF009A9DD1 /* Debug */ = {
			isa = XCBuildConfiguration;
			buildSettings = {
				ASSETCATALOG_COMPILER_APPICON_NAME = AppIcon;
				ASSETCATALOG_COMPILER_GLOBAL_ACCENT_COLOR_NAME = AccentColor;
				CODE_SIGN_STYLE = Automatic;
				CURRENT_PROJECT_VERSION = 1;
				GENERATE_INFOPLIST_FILE = YES;
				INFOPLIST_FILE = Dromio/Info.plist;
				INFOPLIST_KEY_ITSAppUsesNonExemptEncryption = NO;
				INFOPLIST_KEY_NSLocalNetworkUsageDescription = "Allow Dromio to see Navidrome server on your local network.";
				INFOPLIST_KEY_UIApplicationSupportsIndirectInputEvents = YES;
				INFOPLIST_KEY_UILaunchStoryboardName = LaunchScreen;
				INFOPLIST_KEY_UISupportedInterfaceOrientations_iPad = "UIInterfaceOrientationPortrait UIInterfaceOrientationPortraitUpsideDown UIInterfaceOrientationLandscapeLeft UIInterfaceOrientationLandscapeRight";
				INFOPLIST_KEY_UISupportedInterfaceOrientations_iPhone = "UIInterfaceOrientationPortrait UIInterfaceOrientationLandscapeLeft UIInterfaceOrientationLandscapeRight";
				IPHONEOS_DEPLOYMENT_TARGET = 18.0;
				LD_RUNPATH_SEARCH_PATHS = (
					"$(inherited)",
					"@executable_path/Frameworks",
				);
				MARKETING_VERSION = 0.2.1;
				PRODUCT_BUNDLE_IDENTIFIER = com.neuburg.matt.Dromio;
				PRODUCT_NAME = "$(TARGET_NAME)";
				SWIFT_EMIT_LOC_STRINGS = YES;
				SWIFT_VERSION = 6.0;
				TARGETED_DEVICE_FAMILY = 1;
			};
			name = Debug;
		};
		3F8BE79E2D62A3BF009A9DD1 /* Release */ = {
			isa = XCBuildConfiguration;
			buildSettings = {
				ASSETCATALOG_COMPILER_APPICON_NAME = AppIcon;
				ASSETCATALOG_COMPILER_GLOBAL_ACCENT_COLOR_NAME = AccentColor;
				CODE_SIGN_STYLE = Automatic;
				CURRENT_PROJECT_VERSION = 1;
				GENERATE_INFOPLIST_FILE = YES;
				INFOPLIST_FILE = Dromio/Info.plist;
				INFOPLIST_KEY_ITSAppUsesNonExemptEncryption = NO;
				INFOPLIST_KEY_NSLocalNetworkUsageDescription = "Allow Dromio to see Navidrome server on your local network.";
				INFOPLIST_KEY_UIApplicationSupportsIndirectInputEvents = YES;
				INFOPLIST_KEY_UILaunchStoryboardName = LaunchScreen;
				INFOPLIST_KEY_UISupportedInterfaceOrientations_iPad = "UIInterfaceOrientationPortrait UIInterfaceOrientationPortraitUpsideDown UIInterfaceOrientationLandscapeLeft UIInterfaceOrientationLandscapeRight";
				INFOPLIST_KEY_UISupportedInterfaceOrientations_iPhone = "UIInterfaceOrientationPortrait UIInterfaceOrientationLandscapeLeft UIInterfaceOrientationLandscapeRight";
				IPHONEOS_DEPLOYMENT_TARGET = 18.0;
				LD_RUNPATH_SEARCH_PATHS = (
					"$(inherited)",
					"@executable_path/Frameworks",
				);
				MARKETING_VERSION = 0.2.1;
				PRODUCT_BUNDLE_IDENTIFIER = com.neuburg.matt.Dromio;
				PRODUCT_NAME = "$(TARGET_NAME)";
				SWIFT_EMIT_LOC_STRINGS = YES;
				SWIFT_VERSION = 6.0;
				TARGETED_DEVICE_FAMILY = 1;
			};
			name = Release;
		};
		3F8BE79F2D62A3BF009A9DD1 /* Debug */ = {
			isa = XCBuildConfiguration;
			buildSettings = {
				ALWAYS_SEARCH_USER_PATHS = NO;
				ASSETCATALOG_COMPILER_GENERATE_SWIFT_ASSET_SYMBOL_EXTENSIONS = YES;
				CLANG_ANALYZER_NONNULL = YES;
				CLANG_ANALYZER_NUMBER_OBJECT_CONVERSION = YES_AGGRESSIVE;
				CLANG_CXX_LANGUAGE_STANDARD = "gnu++20";
				CLANG_ENABLE_MODULES = YES;
				CLANG_ENABLE_OBJC_ARC = YES;
				CLANG_ENABLE_OBJC_WEAK = YES;
				CLANG_WARN_BLOCK_CAPTURE_AUTORELEASING = YES;
				CLANG_WARN_BOOL_CONVERSION = YES;
				CLANG_WARN_COMMA = YES;
				CLANG_WARN_CONSTANT_CONVERSION = YES;
				CLANG_WARN_DEPRECATED_OBJC_IMPLEMENTATIONS = YES;
				CLANG_WARN_DIRECT_OBJC_ISA_USAGE = YES_ERROR;
				CLANG_WARN_DOCUMENTATION_COMMENTS = YES;
				CLANG_WARN_EMPTY_BODY = YES;
				CLANG_WARN_ENUM_CONVERSION = YES;
				CLANG_WARN_INFINITE_RECURSION = YES;
				CLANG_WARN_INT_CONVERSION = YES;
				CLANG_WARN_NON_LITERAL_NULL_CONVERSION = YES;
				CLANG_WARN_OBJC_IMPLICIT_RETAIN_SELF = YES;
				CLANG_WARN_OBJC_LITERAL_CONVERSION = YES;
				CLANG_WARN_OBJC_ROOT_CLASS = YES_ERROR;
				CLANG_WARN_QUOTED_INCLUDE_IN_FRAMEWORK_HEADER = YES;
				CLANG_WARN_RANGE_LOOP_ANALYSIS = YES;
				CLANG_WARN_STRICT_PROTOTYPES = YES;
				CLANG_WARN_SUSPICIOUS_MOVE = YES;
				CLANG_WARN_UNGUARDED_AVAILABILITY = YES_AGGRESSIVE;
				CLANG_WARN_UNREACHABLE_CODE = YES;
				CLANG_WARN__DUPLICATE_METHOD_MATCH = YES;
				COPY_PHASE_STRIP = NO;
				DEBUG_INFORMATION_FORMAT = dwarf;
				DEVELOPMENT_TEAM = W3LHX5RGV2;
				ENABLE_STRICT_OBJC_MSGSEND = YES;
				ENABLE_TESTABILITY = YES;
				ENABLE_USER_SCRIPT_SANDBOXING = YES;
				GCC_C_LANGUAGE_STANDARD = gnu17;
				GCC_DYNAMIC_NO_PIC = NO;
				GCC_NO_COMMON_BLOCKS = YES;
				GCC_OPTIMIZATION_LEVEL = 0;
				GCC_PREPROCESSOR_DEFINITIONS = (
					"DEBUG=1",
					"$(inherited)",
				);
				GCC_WARN_64_TO_32_BIT_CONVERSION = YES;
				GCC_WARN_ABOUT_RETURN_TYPE = YES_ERROR;
				GCC_WARN_UNDECLARED_SELECTOR = YES;
				GCC_WARN_UNINITIALIZED_AUTOS = YES_AGGRESSIVE;
				GCC_WARN_UNUSED_FUNCTION = YES;
				GCC_WARN_UNUSED_VARIABLE = YES;
				IPHONEOS_DEPLOYMENT_TARGET = 18.2;
				LOCALIZATION_PREFERS_STRING_CATALOGS = YES;
				MTL_ENABLE_DEBUG_INFO = INCLUDE_SOURCE;
				MTL_FAST_MATH = YES;
				ONLY_ACTIVE_ARCH = YES;
				SDKROOT = iphoneos;
				SWIFT_ACTIVE_COMPILATION_CONDITIONS = "DEBUG $(inherited)";
				SWIFT_OPTIMIZATION_LEVEL = "-Onone";
			};
			name = Debug;
		};
		3F8BE7A02D62A3BF009A9DD1 /* Release */ = {
			isa = XCBuildConfiguration;
			buildSettings = {
				ALWAYS_SEARCH_USER_PATHS = NO;
				ASSETCATALOG_COMPILER_GENERATE_SWIFT_ASSET_SYMBOL_EXTENSIONS = YES;
				CLANG_ANALYZER_NONNULL = YES;
				CLANG_ANALYZER_NUMBER_OBJECT_CONVERSION = YES_AGGRESSIVE;
				CLANG_CXX_LANGUAGE_STANDARD = "gnu++20";
				CLANG_ENABLE_MODULES = YES;
				CLANG_ENABLE_OBJC_ARC = YES;
				CLANG_ENABLE_OBJC_WEAK = YES;
				CLANG_WARN_BLOCK_CAPTURE_AUTORELEASING = YES;
				CLANG_WARN_BOOL_CONVERSION = YES;
				CLANG_WARN_COMMA = YES;
				CLANG_WARN_CONSTANT_CONVERSION = YES;
				CLANG_WARN_DEPRECATED_OBJC_IMPLEMENTATIONS = YES;
				CLANG_WARN_DIRECT_OBJC_ISA_USAGE = YES_ERROR;
				CLANG_WARN_DOCUMENTATION_COMMENTS = YES;
				CLANG_WARN_EMPTY_BODY = YES;
				CLANG_WARN_ENUM_CONVERSION = YES;
				CLANG_WARN_INFINITE_RECURSION = YES;
				CLANG_WARN_INT_CONVERSION = YES;
				CLANG_WARN_NON_LITERAL_NULL_CONVERSION = YES;
				CLANG_WARN_OBJC_IMPLICIT_RETAIN_SELF = YES;
				CLANG_WARN_OBJC_LITERAL_CONVERSION = YES;
				CLANG_WARN_OBJC_ROOT_CLASS = YES_ERROR;
				CLANG_WARN_QUOTED_INCLUDE_IN_FRAMEWORK_HEADER = YES;
				CLANG_WARN_RANGE_LOOP_ANALYSIS = YES;
				CLANG_WARN_STRICT_PROTOTYPES = YES;
				CLANG_WARN_SUSPICIOUS_MOVE = YES;
				CLANG_WARN_UNGUARDED_AVAILABILITY = YES_AGGRESSIVE;
				CLANG_WARN_UNREACHABLE_CODE = YES;
				CLANG_WARN__DUPLICATE_METHOD_MATCH = YES;
				COPY_PHASE_STRIP = NO;
				DEBUG_INFORMATION_FORMAT = "dwarf-with-dsym";
				DEVELOPMENT_TEAM = W3LHX5RGV2;
				ENABLE_NS_ASSERTIONS = NO;
				ENABLE_STRICT_OBJC_MSGSEND = YES;
				ENABLE_USER_SCRIPT_SANDBOXING = YES;
				GCC_C_LANGUAGE_STANDARD = gnu17;
				GCC_NO_COMMON_BLOCKS = YES;
				GCC_WARN_64_TO_32_BIT_CONVERSION = YES;
				GCC_WARN_ABOUT_RETURN_TYPE = YES_ERROR;
				GCC_WARN_UNDECLARED_SELECTOR = YES;
				GCC_WARN_UNINITIALIZED_AUTOS = YES_AGGRESSIVE;
				GCC_WARN_UNUSED_FUNCTION = YES;
				GCC_WARN_UNUSED_VARIABLE = YES;
				IPHONEOS_DEPLOYMENT_TARGET = 18.2;
				LOCALIZATION_PREFERS_STRING_CATALOGS = YES;
				MTL_ENABLE_DEBUG_INFO = NO;
				MTL_FAST_MATH = YES;
				ONLY_ACTIVE_ARCH = NO;
				SDKROOT = iphoneos;
				SWIFT_COMPILATION_MODE = wholemodule;
				VALIDATE_PRODUCT = YES;
			};
			name = Release;
		};
/* End XCBuildConfiguration section */

/* Begin XCConfigurationList section */
		3F0AB6912D64C243001D5DAF /* Build configuration list for PBXNativeTarget "DromioTests" */ = {
			isa = XCConfigurationList;
			buildConfigurations = (
				3F0AB68F2D64C243001D5DAF /* Debug */,
				3F0AB6902D64C243001D5DAF /* Release */,
			);
			defaultConfigurationIsVisible = 0;
			defaultConfigurationName = Release;
		};
		3F8BE7842D62A3BE009A9DD1 /* Build configuration list for PBXProject "Dromio" */ = {
			isa = XCConfigurationList;
			buildConfigurations = (
				3F8BE79F2D62A3BF009A9DD1 /* Debug */,
				3F8BE7A02D62A3BF009A9DD1 /* Release */,
			);
			defaultConfigurationIsVisible = 0;
			defaultConfigurationName = Release;
		};
		3F8BE79C2D62A3BF009A9DD1 /* Build configuration list for PBXNativeTarget "Dromio" */ = {
			isa = XCConfigurationList;
			buildConfigurations = (
				3F8BE79D2D62A3BF009A9DD1 /* Debug */,
				3F8BE79E2D62A3BF009A9DD1 /* Release */,
			);
			defaultConfigurationIsVisible = 0;
			defaultConfigurationName = Release;
		};
/* End XCConfigurationList section */

/* Begin XCRemoteSwiftPackageReference section */
		3F91B01B2D83601400B096AB /* XCRemoteSwiftPackageReference "swift-snapshot-testing" */ = {
			isa = XCRemoteSwiftPackageReference;
			repositoryURL = "https://github.com/pointfreeco/swift-snapshot-testing";
			requirement = {
				kind = upToNextMajorVersion;
				minimumVersion = 1.18.1;
			};
		};
		3FAB3F5E2D64CDED007323B0 /* XCRemoteSwiftPackageReference "WaitWhile" */ = {
			isa = XCRemoteSwiftPackageReference;
			repositoryURL = "https://github.com/mattneub/WaitWhile";
			requirement = {
				branch = main;
				kind = branch;
			};
		};
/* End XCRemoteSwiftPackageReference section */

/* Begin XCSwiftPackageProductDependency section */
		3F91B01C2D83601400B096AB /* InlineSnapshotTesting */ = {
			isa = XCSwiftPackageProductDependency;
			package = 3F91B01B2D83601400B096AB /* XCRemoteSwiftPackageReference "swift-snapshot-testing" */;
			productName = InlineSnapshotTesting;
		};
		3F91B01E2D83601400B096AB /* SnapshotTesting */ = {
			isa = XCSwiftPackageProductDependency;
			package = 3F91B01B2D83601400B096AB /* XCRemoteSwiftPackageReference "swift-snapshot-testing" */;
			productName = SnapshotTesting;
		};
		3F91B0202D83601400B096AB /* SnapshotTestingCustomDump */ = {
			isa = XCSwiftPackageProductDependency;
			package = 3F91B01B2D83601400B096AB /* XCRemoteSwiftPackageReference "swift-snapshot-testing" */;
			productName = SnapshotTestingCustomDump;
		};
		3FAB3F5F2D64CDED007323B0 /* WaitWhile */ = {
			isa = XCSwiftPackageProductDependency;
			package = 3FAB3F5E2D64CDED007323B0 /* XCRemoteSwiftPackageReference "WaitWhile" */;
			productName = WaitWhile;
		};
/* End XCSwiftPackageProductDependency section */
	};
	rootObject = 3F8BE7812D62A3BE009A9DD1 /* Project object */;
}
